
Microsoft Visual Studio Solution File, Format Version 12.00
# Visual Studio Version 17
VisualStudioVersion = 17.6.33829.357
MinimumVisualStudioVersion = 10.0.40219.1
Project("{FAE04EC0-301F-11D3-BF4B-00C04F79EFBC}") = "JustShareBackend", "JustShareBackend.csproj", "{D35C6AC4-7F49-4DFC-87E5-2D7898178B2B}"
EndProject
Global
	GlobalSection(SolutionConfigurationPlatforms) = preSolution
		Debug|Any CPU = Debug|Any CPU
		Release|Any CPU = Release|Any CPU
	EndGlobalSection
	GlobalSection(ProjectConfigurationPlatforms) = postSolution
		{D35C6AC4-7F49-4DFC-87E5-2D7898178B2B}.Debug|Any CPU.ActiveCfg = Debug|Any CPU
		{D35C6AC4-7F49-4DFC-87E5-2D7898178B2B}.Debug|Any CPU.Build.0 = Debug|Any CPU
		{D35C6AC4-7F49-4DFC-87E5-2D7898178B2B}.Release|Any CPU.ActiveCfg = Release|Any CPU
		{D35C6AC4-7F49-4DFC-87E5-2D7898178B2B}.Release|Any CPU.Build.0 = Release|Any CPU
	EndGlobalSection
	GlobalSection(SolutionProperties) = preSolution
		HideSolutionNode = FALSE
	EndGlobalSection
	GlobalSection(ExtensibilityGlobals) = postSolution
		SolutionGuid = {F67CFF6F-7DBB-4D6B-A81A-47BC6AEB6ED2}
	EndGlobalSection
EndGlobal
